// !$*UTF8*$!
{
	archiveVersion = 1;
	classes = {
	};
	objectVersion = 52;
	objects = {

/* Begin PBXBuildFile section */
		115183E8CE094559C4041B23 /* LoginViewModel.swift in Sources */ = {isa = PBXBuildFile; fileRef = 1DAAA72D106530CCF2C71CEF /* LoginViewModel.swift */; };
		131CAAEE529F29A06AC80746 /* AuthTextField.swift in Sources */ = {isa = PBXBuildFile; fileRef = 31993AA2D955842FBC8E6ED3 /* AuthTextField.swift */; };
		3128849269E772F937EC72B8 /* Greeny_iOSApp.swift in Sources */ = {isa = PBXBuildFile; fileRef = 5D01BE2B2A432BD18CDF2AA2 /* Greeny_iOSApp.swift */; };
		4358DD67182A8D80DAC840B5 /* GreenyNavigationLink.swift in Sources */ = {isa = PBXBuildFile; fileRef = F20DA96C153ACFD21E32E99C /* GreenyNavigationLink.swift */; };
		4DF310F9B8E1F1AD23AEC896 /* AuthButton.swift in Sources */ = {isa = PBXBuildFile; fileRef = AD8623FC496301BE319FAED6 /* AuthButton.swift */; };
		57AF15E91B7DC1DB16997FC6 /* Assets.xcassets in Resources */ = {isa = PBXBuildFile; fileRef = 07EDB6222C1400DFAB5F2416 /* Assets.xcassets */; };
		5AE0E1F7733ACAE5E8ABC08C /* GreenyShadow.swift in Sources */ = {isa = PBXBuildFile; fileRef = 76B7528E44BA4A43B0C40A75 /* GreenyShadow.swift */; };
		5D82609A33BF47D08E3DB075 /* ThirdPartyLib.framework in Embed Frameworks */ = {isa = PBXBuildFile; fileRef = EFCF1E0431223C94D9D5C413 /* ThirdPartyLib.framework */; platformFilter = ios; settings = {ATTRIBUTES = (CodeSignOnCopy, RemoveHeadersOnCopy, ); }; };
		7266A8E17FCAC96AEAAAE754 /* TuistBundle+IOS.swift in Sources */ = {isa = PBXBuildFile; fileRef = 8C62C430400C38AE5E5ABACD /* TuistBundle+IOS.swift */; };
		993C573C5501995DAE61893F /* LoginView.swift in Sources */ = {isa = PBXBuildFile; fileRef = 4AA852F89DFB9F32263D95BF /* LoginView.swift */; };
		A7D1283A7103C20370531C1A /* Int+.swift in Sources */ = {isa = PBXBuildFile; fileRef = 7FB058BBB1D32667930F78E2 /* Int+.swift */; };
		BDB516FDADCB5A61F91E02CF /* ThirdPartyLib.framework in Frameworks */ = {isa = PBXBuildFile; fileRef = EFCF1E0431223C94D9D5C413 /* ThirdPartyLib.framework */; platformFilter = ios; };
		E546FA296BEBA8B7DCF9367E /* TuistAssets+IOS.swift in Sources */ = {isa = PBXBuildFile; fileRef = E34E6720EACF0571F989E81A /* TuistAssets+IOS.swift */; };
		F734C0E9788FD7206F68CE9C /* LaunchScreen.storyboard in Resources */ = {isa = PBXBuildFile; fileRef = 31978105CE8F9BD1795136FB /* LaunchScreen.storyboard */; };
		F8317100E8A534ABCB57B905 /* OTPView.swift in Sources */ = {isa = PBXBuildFile; fileRef = 3031D1A5B8F15FC292F40A18 /* OTPView.swift */; };
/* End PBXBuildFile section */

/* Begin PBXCopyFilesBuildPhase section */
		620AA91F2D78F2A3C46E3549 /* Embed Frameworks */ = {
			isa = PBXCopyFilesBuildPhase;
			buildActionMask = 2147483647;
			dstPath = "";
			dstSubfolderSpec = 10;
			files = (
				5D82609A33BF47D08E3DB075 /* ThirdPartyLib.framework in Embed Frameworks */,
			);
			name = "Embed Frameworks";
			runOnlyForDeploymentPostprocessing = 0;
		};
/* End PBXCopyFilesBuildPhase section */

/* Begin PBXFileReference section */
		07EDB6222C1400DFAB5F2416 /* Assets.xcassets */ = {isa = PBXFileReference; lastKnownFileType = folder.assetcatalog; path = Assets.xcassets; sourceTree = "<group>"; };
		1DAAA72D106530CCF2C71CEF /* LoginViewModel.swift */ = {isa = PBXFileReference; lastKnownFileType = sourcecode.swift; path = LoginViewModel.swift; sourceTree = "<group>"; };
		3031D1A5B8F15FC292F40A18 /* OTPView.swift */ = {isa = PBXFileReference; lastKnownFileType = sourcecode.swift; path = OTPView.swift; sourceTree = "<group>"; };
		31978105CE8F9BD1795136FB /* LaunchScreen.storyboard */ = {isa = PBXFileReference; lastKnownFileType = file.storyboard; path = LaunchScreen.storyboard; sourceTree = "<group>"; };
		31993AA2D955842FBC8E6ED3 /* AuthTextField.swift */ = {isa = PBXFileReference; lastKnownFileType = sourcecode.swift; path = AuthTextField.swift; sourceTree = "<group>"; };
		4AA852F89DFB9F32263D95BF /* LoginView.swift */ = {isa = PBXFileReference; lastKnownFileType = sourcecode.swift; path = LoginView.swift; sourceTree = "<group>"; };
		5D01BE2B2A432BD18CDF2AA2 /* Greeny_iOSApp.swift */ = {isa = PBXFileReference; lastKnownFileType = sourcecode.swift; path = Greeny_iOSApp.swift; sourceTree = "<group>"; };
		76B7528E44BA4A43B0C40A75 /* GreenyShadow.swift */ = {isa = PBXFileReference; lastKnownFileType = sourcecode.swift; path = GreenyShadow.swift; sourceTree = "<group>"; };
		7FB058BBB1D32667930F78E2 /* Int+.swift */ = {isa = PBXFileReference; lastKnownFileType = sourcecode.swift; path = "Int+.swift"; sourceTree = "<group>"; };
		8C62C430400C38AE5E5ABACD /* TuistBundle+IOS.swift */ = {isa = PBXFileReference; lastKnownFileType = sourcecode.swift; path = "TuistBundle+IOS.swift"; sourceTree = "<group>"; };
		91FE35480C7C36D12BB7CEEB /* iOS.app */ = {isa = PBXFileReference; explicitFileType = wrapper.application; includeInIndex = 0; path = iOS.app; sourceTree = BUILT_PRODUCTS_DIR; };
		AD8623FC496301BE319FAED6 /* AuthButton.swift */ = {isa = PBXFileReference; lastKnownFileType = sourcecode.swift; path = AuthButton.swift; sourceTree = "<group>"; };
		BB8129A6973540A5016F2C3F /* Info.plist */ = {isa = PBXFileReference; lastKnownFileType = text.plist; path = Info.plist; sourceTree = "<group>"; };
		E34E6720EACF0571F989E81A /* TuistAssets+IOS.swift */ = {isa = PBXFileReference; lastKnownFileType = sourcecode.swift; path = "TuistAssets+IOS.swift"; sourceTree = "<group>"; };
		EFCF1E0431223C94D9D5C413 /* ThirdPartyLib.framework */ = {isa = PBXFileReference; explicitFileType = wrapper.framework; includeInIndex = 0; path = ThirdPartyLib.framework; sourceTree = BUILT_PRODUCTS_DIR; };
		F20DA96C153ACFD21E32E99C /* GreenyNavigationLink.swift */ = {isa = PBXFileReference; lastKnownFileType = sourcecode.swift; path = GreenyNavigationLink.swift; sourceTree = "<group>"; };
/* End PBXFileReference section */

/* Begin PBXFrameworksBuildPhase section */
		5CCA96AFFBCC53BF497AA39C /* Frameworks */ = {
			isa = PBXFrameworksBuildPhase;
			buildActionMask = 2147483647;
			files = (
				BDB516FDADCB5A61F91E02CF /* ThirdPartyLib.framework in Frameworks */,
			);
			runOnlyForDeploymentPostprocessing = 0;
		};
/* End PBXFrameworksBuildPhase section */

/* Begin PBXGroup section */
		27D7B5BA34FFC37D10AE3B6F /* Sources */ = {
			isa = PBXGroup;
			children = (
				F19D0E9399E469DFCB327E1C /* Application */,
				90071A965F68E92B3E831596 /* Components */,
				463812D212A1E8151D89B435 /* Extension */,
				A5EF21287C3D4BB272C0D794 /* Scene */,
			);
			path = Sources;
			sourceTree = "<group>";
		};
		37CDF577A5219551B6B6388E /* Derived */ = {
			isa = PBXGroup;
			children = (
				5B491DBDA71E128DFC530DCE /* Sources */,
			);
			path = Derived;
			sourceTree = "<group>";
		};
		463812D212A1E8151D89B435 /* Extension */ = {
			isa = PBXGroup;
			children = (
				7FB058BBB1D32667930F78E2 /* Int+.swift */,
			);
			path = Extension;
			sourceTree = "<group>";
		};
		52EE98E97DB29A17472FF312 /* Project */ = {
			isa = PBXGroup;
			children = (
				37CDF577A5219551B6B6388E /* Derived */,
				D035D85C0CAC0AAB3E71BF27 /* Resources */,
				27D7B5BA34FFC37D10AE3B6F /* Sources */,
				74D431409BEFCDB2A3FA150C /* Support */,
			);
			name = Project;
			sourceTree = "<group>";
		};
		5B491DBDA71E128DFC530DCE /* Sources */ = {
			isa = PBXGroup;
			children = (
				E34E6720EACF0571F989E81A /* TuistAssets+IOS.swift */,
				8C62C430400C38AE5E5ABACD /* TuistBundle+IOS.swift */,
			);
			path = Sources;
			sourceTree = "<group>";
		};
		5D0FF8EA11B70B7441234B10 /* Login */ = {
			isa = PBXGroup;
			children = (
				4AA852F89DFB9F32263D95BF /* LoginView.swift */,
				1DAAA72D106530CCF2C71CEF /* LoginViewModel.swift */,
			);
			path = Login;
			sourceTree = "<group>";
		};
		640F48120A5CF49C3209E23C /* NavigationLink */ = {
			isa = PBXGroup;
			children = (
				F20DA96C153ACFD21E32E99C /* GreenyNavigationLink.swift */,
			);
			path = NavigationLink;
			sourceTree = "<group>";
		};
		6BFA4BC9125394B3E2417F3A /* Auth */ = {
			isa = PBXGroup;
			children = (
				AD8623FC496301BE319FAED6 /* AuthButton.swift */,
				31993AA2D955842FBC8E6ED3 /* AuthTextField.swift */,
				3031D1A5B8F15FC292F40A18 /* OTPView.swift */,
			);
			path = Auth;
			sourceTree = "<group>";
		};
		74D431409BEFCDB2A3FA150C /* Support */ = {
			isa = PBXGroup;
			children = (
				BB8129A6973540A5016F2C3F /* Info.plist */,
			);
			path = Support;
			sourceTree = "<group>";
		};
		90071A965F68E92B3E831596 /* Components */ = {
			isa = PBXGroup;
			children = (
				6BFA4BC9125394B3E2417F3A /* Auth */,
				640F48120A5CF49C3209E23C /* NavigationLink */,
				B96C61091A49DE3C14E3FE93 /* Shadow */,
			);
			path = Components;
			sourceTree = "<group>";
		};
		995BCC3CACA3A36B9DEFEA16 = {
			isa = PBXGroup;
			children = (
				52EE98E97DB29A17472FF312 /* Project */,
				BB8ABEE0EF6F422F8099FDBD /* Frameworks */,
				ACD280A08D49F1E818DA4D78 /* Products */,
			);
			sourceTree = "<group>";
		};
		A5EF21287C3D4BB272C0D794 /* Scene */ = {
			isa = PBXGroup;
			children = (
				5D0FF8EA11B70B7441234B10 /* Login */,
			);
			path = Scene;
			sourceTree = "<group>";
		};
		ACD280A08D49F1E818DA4D78 /* Products */ = {
			isa = PBXGroup;
			children = (
				91FE35480C7C36D12BB7CEEB /* iOS.app */,
				EFCF1E0431223C94D9D5C413 /* ThirdPartyLib.framework */,
			);
			name = Products;
			sourceTree = "<group>";
		};
		B96C61091A49DE3C14E3FE93 /* Shadow */ = {
			isa = PBXGroup;
			children = (
				76B7528E44BA4A43B0C40A75 /* GreenyShadow.swift */,
			);
			path = Shadow;
			sourceTree = "<group>";
		};
		BB8ABEE0EF6F422F8099FDBD /* Frameworks */ = {
			isa = PBXGroup;
			children = (
			);
			name = Frameworks;
			sourceTree = "<group>";
		};
		D035D85C0CAC0AAB3E71BF27 /* Resources */ = {
			isa = PBXGroup;
			children = (
				07EDB6222C1400DFAB5F2416 /* Assets.xcassets */,
				31978105CE8F9BD1795136FB /* LaunchScreen.storyboard */,
			);
			path = Resources;
			sourceTree = "<group>";
		};
		F19D0E9399E469DFCB327E1C /* Application */ = {
			isa = PBXGroup;
			children = (
				5D01BE2B2A432BD18CDF2AA2 /* Greeny_iOSApp.swift */,
			);
			path = Application;
			sourceTree = "<group>";
		};
/* End PBXGroup section */

/* Begin PBXNativeTarget section */
		6EEC24C399527ACC33FB47D0 /* iOS */ = {
			isa = PBXNativeTarget;
			buildConfigurationList = DB363943E660B6DB0EA2D873 /* Build configuration list for PBXNativeTarget "iOS" */;
			buildPhases = (
				FFDD2842111AA485C1C79121 /* SwiftLint */,
				DFEC7FA1FF9E4D8A0F858C74 /* Sources */,
				13DF28F610F2C9F8DF5C27E7 /* Resources */,
				620AA91F2D78F2A3C46E3549 /* Embed Frameworks */,
				5CCA96AFFBCC53BF497AA39C /* Frameworks */,
			);
			buildRules = (
			);
			dependencies = (
			);
			name = iOS;
			productName = iOS;
			productReference = 91FE35480C7C36D12BB7CEEB /* iOS.app */;
			productType = "com.apple.product-type.application";
		};
/* End PBXNativeTarget section */

/* Begin PBXProject section */
		F46F67E8206ABFEB80826E6F /* Project object */ = {
			isa = PBXProject;
			attributes = {
				ORGANIZATIONNAME = com.Greeny;
				TargetAttributes = {
				};
			};
			buildConfigurationList = 45256CA76692B3EFDDF465AF /* Build configuration list for PBXProject "iOS" */;
			compatibilityVersion = "Xcode 13.0";
			developmentRegion = en;
			hasScannedForEncodings = 0;
			knownRegions = (
				Base,
				en,
			);
			mainGroup = 995BCC3CACA3A36B9DEFEA16;
			productRefGroup = ACD280A08D49F1E818DA4D78 /* Products */;
			projectDirPath = "";
			projectRoot = "";
			targets = (
				6EEC24C399527ACC33FB47D0 /* iOS */,
			);
		};
/* End PBXProject section */

/* Begin PBXResourcesBuildPhase section */
		13DF28F610F2C9F8DF5C27E7 /* Resources */ = {
			isa = PBXResourcesBuildPhase;
			buildActionMask = 2147483647;
			files = (
				57AF15E91B7DC1DB16997FC6 /* Assets.xcassets in Resources */,
				F734C0E9788FD7206F68CE9C /* LaunchScreen.storyboard in Resources */,
			);
			runOnlyForDeploymentPostprocessing = 0;
		};
/* End PBXResourcesBuildPhase section */

/* Begin PBXShellScriptBuildPhase section */
		FFDD2842111AA485C1C79121 /* SwiftLint */ = {
			isa = PBXShellScriptBuildPhase;
			alwaysOutOfDate = 1;
			buildActionMask = 2147483647;
			files = (
			);
			inputFileListPaths = (
			);
			inputPaths = (
			);
			name = SwiftLint;
			outputFileListPaths = (
			);
			outputPaths = (
			);
			runOnlyForDeploymentPostprocessing = 0;
			shellPath = /bin/sh;
			shellScript = "lintableFileCount=`ls -1 *.swift 2>/dev/null | wc -l`\nif [ $lintableFileCount != 0 ]\nthen\n    if test -d \"/opt/homebrew/bin/\"; then\n        PATH=\"/opt/homebrew/bin/:${PATH}\"\n    fi\n    export PATH\n    if which swiftlint >/dev/null; then\n    swiftlint\n    else\n    echo \"warning: SwiftLint not installed, download from https://github.com/realm/SwiftLint\"\n    fi\nelse\n    echo \"No lintable files to check, skipping Swiftlint\"\nfi";
		};
/* End PBXShellScriptBuildPhase section */

/* Begin PBXSourcesBuildPhase section */
		DFEC7FA1FF9E4D8A0F858C74 /* Sources */ = {
			isa = PBXSourcesBuildPhase;
			buildActionMask = 2147483647;
			files = (
				E546FA296BEBA8B7DCF9367E /* TuistAssets+IOS.swift in Sources */,
				7266A8E17FCAC96AEAAAE754 /* TuistBundle+IOS.swift in Sources */,
				3128849269E772F937EC72B8 /* Greeny_iOSApp.swift in Sources */,
				4DF310F9B8E1F1AD23AEC896 /* AuthButton.swift in Sources */,
				131CAAEE529F29A06AC80746 /* AuthTextField.swift in Sources */,
				F8317100E8A534ABCB57B905 /* OTPView.swift in Sources */,
				4358DD67182A8D80DAC840B5 /* GreenyNavigationLink.swift in Sources */,
				5AE0E1F7733ACAE5E8ABC08C /* GreenyShadow.swift in Sources */,
				A7D1283A7103C20370531C1A /* Int+.swift in Sources */,
				993C573C5501995DAE61893F /* LoginView.swift in Sources */,
				115183E8CE094559C4041B23 /* LoginViewModel.swift in Sources */,
			);
			runOnlyForDeploymentPostprocessing = 0;
		};
/* End PBXSourcesBuildPhase section */

/* Begin XCBuildConfiguration section */
		0D0171857A103BDDF6D04E69 /* Debug */ = {
			isa = XCBuildConfiguration;
			buildSettings = {
				ALWAYS_SEARCH_USER_PATHS = NO;
				CLANG_ANALYZER_LOCALIZABILITY_NONLOCALIZED = YES;
				CLANG_ANALYZER_NONNULL = YES;
				CLANG_ANALYZER_NUMBER_OBJECT_CONVERSION = YES_AGGRESSIVE;
				CLANG_CXX_LANGUAGE_STANDARD = "gnu++14";
				CLANG_CXX_LIBRARY = "libc++";
				CLANG_ENABLE_MODULES = YES;
				CLANG_ENABLE_OBJC_ARC = YES;
				CLANG_ENABLE_OBJC_WEAK = YES;
				CLANG_WARN_BLOCK_CAPTURE_AUTORELEASING = YES;
				CLANG_WARN_BOOL_CONVERSION = YES;
				CLANG_WARN_COMMA = YES;
				CLANG_WARN_CONSTANT_CONVERSION = YES;
				CLANG_WARN_DEPRECATED_OBJC_IMPLEMENTATIONS = YES;
				CLANG_WARN_DIRECT_OBJC_ISA_USAGE = YES_ERROR;
				CLANG_WARN_DOCUMENTATION_COMMENTS = YES;
				CLANG_WARN_EMPTY_BODY = YES;
				CLANG_WARN_ENUM_CONVERSION = YES;
				CLANG_WARN_INFINITE_RECURSION = YES;
				CLANG_WARN_INT_CONVERSION = YES;
				CLANG_WARN_NON_LITERAL_NULL_CONVERSION = YES;
				CLANG_WARN_OBJC_IMPLICIT_RETAIN_SELF = YES;
				CLANG_WARN_OBJC_LITERAL_CONVERSION = YES;
				CLANG_WARN_OBJC_ROOT_CLASS = YES_ERROR;
				CLANG_WARN_QUOTED_INCLUDE_IN_FRAMEWORK_HEADER = YES;
				CLANG_WARN_RANGE_LOOP_ANALYSIS = YES;
				CLANG_WARN_STRICT_PROTOTYPES = YES;
				CLANG_WARN_SUSPICIOUS_MOVE = YES;
				CLANG_WARN_UNGUARDED_AVAILABILITY = YES_AGGRESSIVE;
				CLANG_WARN_UNREACHABLE_CODE = YES;
				CLANG_WARN__DUPLICATE_METHOD_MATCH = YES;
				CODE_SIGN_IDENTITY = "Apple Development";
				CODE_SIGN_STYLE = Automatic;
				COPY_PHASE_STRIP = NO;
				DEAD_CODE_STRIPPING = YES;
				DEBUG_INFORMATION_FORMAT = dwarf;
				DEVELOPMENT_TEAM = "";
				ENABLE_STRICT_OBJC_MSGSEND = YES;
				ENABLE_TESTABILITY = YES;
				GCC_C_LANGUAGE_STANDARD = gnu11;
				GCC_DYNAMIC_NO_PIC = NO;
				GCC_NO_COMMON_BLOCKS = YES;
				GCC_OPTIMIZATION_LEVEL = 0;
				GCC_PREPROCESSOR_DEFINITIONS = (
					"DEBUG=1",
					"$(inherited)",
				);
				GCC_WARN_64_TO_32_BIT_CONVERSION = YES;
				GCC_WARN_ABOUT_RETURN_TYPE = YES_ERROR;
				GCC_WARN_UNDECLARED_SELECTOR = YES;
				GCC_WARN_UNINITIALIZED_AUTOS = YES_AGGRESSIVE;
				GCC_WARN_UNUSED_FUNCTION = YES;
				GCC_WARN_UNUSED_VARIABLE = YES;
				MTL_ENABLE_DEBUG_INFO = YES;
				ONLY_ACTIVE_ARCH = YES;
				PRODUCT_NAME = "$(TARGET_NAME)";
			};
			name = Debug;
		};
		2C1CB7455E75BA9AE1CFF6B8 /* Release */ = {
			isa = XCBuildConfiguration;
			buildSettings = {
				ASSETCATALOG_COMPILER_APPICON_NAME = AppIcon;
				CODE_SIGN_IDENTITY = "iPhone Developer";
				ENABLE_PREVIEWS = YES;
				INFOPLIST_FILE = Support/Info.plist;
				IPHONEOS_DEPLOYMENT_TARGET = 15.0;
				LD_RUNPATH_SEARCH_PATHS = (
					"$(inherited)",
					"@executable_path/Frameworks",
				);
				PRODUCT_BUNDLE_IDENTIFIER = com.Greeny.iOS;
				PRODUCT_NAME = iOS;
				SDKROOT = iphoneos;
				SUPPORTS_MACCATALYST = NO;
				SWIFT_COMPILATION_MODE = wholemodule;
				SWIFT_OPTIMIZATION_LEVEL = "-Owholemodule";
				SWIFT_VERSION = 5.0;
				TARGETED_DEVICE_FAMILY = "1,2";
			};
			name = Release;
		};
		DC61BEEC18F2894783A3E770 /* Release */ = {
			isa = XCBuildConfiguration;
			buildSettings = {
				ALWAYS_SEARCH_USER_PATHS = NO;
				CLANG_ANALYZER_LOCALIZABILITY_NONLOCALIZED = YES;
				CLANG_ANALYZER_NONNULL = YES;
				CLANG_ANALYZER_NUMBER_OBJECT_CONVERSION = YES_AGGRESSIVE;
				CLANG_CXX_LANGUAGE_STANDARD = "gnu++14";
				CLANG_CXX_LIBRARY = "libc++";
				CLANG_ENABLE_MODULES = YES;
				CLANG_ENABLE_OBJC_ARC = YES;
				CLANG_ENABLE_OBJC_WEAK = YES;
				CLANG_WARN_BLOCK_CAPTURE_AUTORELEASING = YES;
				CLANG_WARN_BOOL_CONVERSION = YES;
				CLANG_WARN_COMMA = YES;
				CLANG_WARN_CONSTANT_CONVERSION = YES;
				CLANG_WARN_DEPRECATED_OBJC_IMPLEMENTATIONS = YES;
				CLANG_WARN_DIRECT_OBJC_ISA_USAGE = YES_ERROR;
				CLANG_WARN_DOCUMENTATION_COMMENTS = YES;
				CLANG_WARN_EMPTY_BODY = YES;
				CLANG_WARN_ENUM_CONVERSION = YES;
				CLANG_WARN_INFINITE_RECURSION = YES;
				CLANG_WARN_INT_CONVERSION = YES;
				CLANG_WARN_NON_LITERAL_NULL_CONVERSION = YES;
				CLANG_WARN_OBJC_IMPLICIT_RETAIN_SELF = YES;
				CLANG_WARN_OBJC_LITERAL_CONVERSION = YES;
				CLANG_WARN_OBJC_ROOT_CLASS = YES_ERROR;
				CLANG_WARN_QUOTED_INCLUDE_IN_FRAMEWORK_HEADER = YES;
				CLANG_WARN_RANGE_LOOP_ANALYSIS = YES;
				CLANG_WARN_STRICT_PROTOTYPES = YES;
				CLANG_WARN_SUSPICIOUS_MOVE = YES;
				CLANG_WARN_UNGUARDED_AVAILABILITY = YES_AGGRESSIVE;
				CLANG_WARN_UNREACHABLE_CODE = YES;
				CLANG_WARN__DUPLICATE_METHOD_MATCH = YES;
				CODE_SIGN_IDENTITY = "Apple Development";
				CODE_SIGN_STYLE = Automatic;
				COPY_PHASE_STRIP = NO;
				DEAD_CODE_STRIPPING = YES;
				DEBUG_INFORMATION_FORMAT = "dwarf-with-dsym";
				DEVELOPMENT_TEAM = "";
				ENABLE_NS_ASSERTIONS = NO;
				ENABLE_STRICT_OBJC_MSGSEND = YES;
				GCC_C_LANGUAGE_STANDARD = gnu11;
				GCC_NO_COMMON_BLOCKS = YES;
				GCC_WARN_64_TO_32_BIT_CONVERSION = YES;
				GCC_WARN_ABOUT_RETURN_TYPE = YES_ERROR;
				GCC_WARN_UNDECLARED_SELECTOR = YES;
				GCC_WARN_UNINITIALIZED_AUTOS = YES_AGGRESSIVE;
				GCC_WARN_UNUSED_FUNCTION = YES;
				GCC_WARN_UNUSED_VARIABLE = YES;
				MTL_ENABLE_DEBUG_INFO = NO;
				PRODUCT_NAME = "$(TARGET_NAME)";
				VALIDATE_PRODUCT = YES;
			};
			name = Release;
		};
		F183B3CD362B2C808EA0A25C /* Debug */ = {
			isa = XCBuildConfiguration;
			buildSettings = {
				ASSETCATALOG_COMPILER_APPICON_NAME = AppIcon;
				CODE_SIGN_IDENTITY = "iPhone Developer";
				ENABLE_PREVIEWS = YES;
				INFOPLIST_FILE = Support/Info.plist;
				IPHONEOS_DEPLOYMENT_TARGET = 15.0;
				LD_RUNPATH_SEARCH_PATHS = (
					"$(inherited)",
					"@executable_path/Frameworks",
				);
				PRODUCT_BUNDLE_IDENTIFIER = com.Greeny.iOS;
				PRODUCT_NAME = iOS;
				SDKROOT = iphoneos;
				SUPPORTS_MACCATALYST = NO;
				SWIFT_ACTIVE_COMPILATION_CONDITIONS = DEBUG;
				SWIFT_COMPILATION_MODE = singlefile;
				SWIFT_OPTIMIZATION_LEVEL = "-Onone";
				SWIFT_VERSION = 5.0;
				TARGETED_DEVICE_FAMILY = "1,2";
			};
			name = Debug;
		};
/* End XCBuildConfiguration section */

/* Begin XCConfigurationList section */
		45256CA76692B3EFDDF465AF /* Build configuration list for PBXProject "iOS" */ = {
			isa = XCConfigurationList;
			buildConfigurations = (
				0D0171857A103BDDF6D04E69 /* Debug */,
				DC61BEEC18F2894783A3E770 /* Release */,
			);
			defaultConfigurationIsVisible = 0;
			defaultConfigurationName = Release;
		};
		DB363943E660B6DB0EA2D873 /* Build configuration list for PBXNativeTarget "iOS" */ = {
			isa = XCConfigurationList;
			buildConfigurations = (
				F183B3CD362B2C808EA0A25C /* Debug */,
				2C1CB7455E75BA9AE1CFF6B8 /* Release */,
			);
			defaultConfigurationIsVisible = 0;
			defaultConfigurationName = Release;
		};
/* End XCConfigurationList section */
	};
	rootObject = F46F67E8206ABFEB80826E6F /* Project object */;
}
