// !$*UTF8*$!
{
	archiveVersion = 1;
	classes = {
	};
	objectVersion = 56;
	objects = {

/* Begin PBXBuildFile section */
		5778E3202A146A5400F9A05C /* Greeny_iOSApp.swift in Sources */ = {isa = PBXBuildFile; fileRef = 5778E31F2A146A5400F9A05C /* Greeny_iOSApp.swift */; };
		5778E3242A146A5500F9A05C /* Assets.xcassets in Resources */ = {isa = PBXBuildFile; fileRef = 5778E3232A146A5500F9A05C /* Assets.xcassets */; };
		5778E3272A146A5500F9A05C /* Preview Assets.xcassets in Resources */ = {isa = PBXBuildFile; fileRef = 5778E3262A146A5500F9A05C /* Preview Assets.xcassets */; };
		57A246292A1DA46A00797239 /* CombineMoya in Frameworks */ = {isa = PBXBuildFile; productRef = 57A246282A1DA46A00797239 /* CombineMoya */; };
		57A2462B2A1DA46A00797239 /* Moya in Frameworks */ = {isa = PBXBuildFile; productRef = 57A2462A2A1DA46A00797239 /* Moya */; };
		57A246312A1DA4B600797239 /* LoginView.swift in Sources */ = {isa = PBXBuildFile; fileRef = 57A246302A1DA4B600797239 /* LoginView.swift */; };
		57A246332A1DA4C300797239 /* LoginViewModel.swift in Sources */ = {isa = PBXBuildFile; fileRef = 57A246322A1DA4C300797239 /* LoginViewModel.swift */; };
		57A246362A1DA4F500797239 /* Int+.swift in Sources */ = {isa = PBXBuildFile; fileRef = 57A246352A1DA4F500797239 /* Int+.swift */; };
		57A246392A1DA50F00797239 /* AuthButton.swift in Sources */ = {isa = PBXBuildFile; fileRef = 57A246382A1DA50F00797239 /* AuthButton.swift */; };
		57A2463B2A1DA64D00797239 /* AuthTextField.swift in Sources */ = {isa = PBXBuildFile; fileRef = 57A2463A2A1DA64D00797239 /* AuthTextField.swift */; };
		57A2463F2A1DA68C00797239 /* GreenyNavigationLink.swift in Sources */ = {isa = PBXBuildFile; fileRef = 57A2463E2A1DA68C00797239 /* GreenyNavigationLink.swift */; };
		57A246412A1DA6BB00797239 /* OTPView.swift in Sources */ = {isa = PBXBuildFile; fileRef = 57A246402A1DA6BB00797239 /* OTPView.swift */; };
		57A246442A1DB56E00797239 /* GreenyShadow.swift in Sources */ = {isa = PBXBuildFile; fileRef = 57A246432A1DB56E00797239 /* GreenyShadow.swift */; };
/* End PBXBuildFile section */

/* Begin PBXFileReference section */
		5778E31C2A146A5400F9A05C /* Greeny-iOS.app */ = {isa = PBXFileReference; explicitFileType = wrapper.application; includeInIndex = 0; path = "Greeny-iOS.app"; sourceTree = BUILT_PRODUCTS_DIR; };
		5778E31F2A146A5400F9A05C /* Greeny_iOSApp.swift */ = {isa = PBXFileReference; lastKnownFileType = sourcecode.swift; path = Greeny_iOSApp.swift; sourceTree = "<group>"; };
		5778E3232A146A5500F9A05C /* Assets.xcassets */ = {isa = PBXFileReference; lastKnownFileType = folder.assetcatalog; path = Assets.xcassets; sourceTree = "<group>"; };
		5778E3262A146A5500F9A05C /* Preview Assets.xcassets */ = {isa = PBXFileReference; lastKnownFileType = folder.assetcatalog; path = "Preview Assets.xcassets"; sourceTree = "<group>"; };
		57A246302A1DA4B600797239 /* LoginView.swift */ = {isa = PBXFileReference; lastKnownFileType = sourcecode.swift; path = LoginView.swift; sourceTree = "<group>"; };
		57A246322A1DA4C300797239 /* LoginViewModel.swift */ = {isa = PBXFileReference; lastKnownFileType = sourcecode.swift; path = LoginViewModel.swift; sourceTree = "<group>"; };
		57A246352A1DA4F500797239 /* Int+.swift */ = {isa = PBXFileReference; lastKnownFileType = sourcecode.swift; path = "Int+.swift"; sourceTree = "<group>"; };
		57A246382A1DA50F00797239 /* AuthButton.swift */ = {isa = PBXFileReference; lastKnownFileType = sourcecode.swift; path = AuthButton.swift; sourceTree = "<group>"; };
		57A2463A2A1DA64D00797239 /* AuthTextField.swift */ = {isa = PBXFileReference; lastKnownFileType = sourcecode.swift; path = AuthTextField.swift; sourceTree = "<group>"; };
		57A2463E2A1DA68C00797239 /* GreenyNavigationLink.swift */ = {isa = PBXFileReference; lastKnownFileType = sourcecode.swift; path = GreenyNavigationLink.swift; sourceTree = "<group>"; };
		57A246402A1DA6BB00797239 /* OTPView.swift */ = {isa = PBXFileReference; lastKnownFileType = sourcecode.swift; path = OTPView.swift; sourceTree = "<group>"; };
		57A246432A1DB56E00797239 /* GreenyShadow.swift */ = {isa = PBXFileReference; lastKnownFileType = sourcecode.swift; path = GreenyShadow.swift; sourceTree = "<group>"; };
/* End PBXFileReference section */

/* Begin PBXFrameworksBuildPhase section */
		5778E3192A146A5400F9A05C /* Frameworks */ = {
			isa = PBXFrameworksBuildPhase;
			buildActionMask = 2147483647;
			files = (
				57A2462B2A1DA46A00797239 /* Moya in Frameworks */,
				57A246292A1DA46A00797239 /* CombineMoya in Frameworks */,
			);
			runOnlyForDeploymentPostprocessing = 0;
		};
/* End PBXFrameworksBuildPhase section */

/* Begin PBXGroup section */
		5778E3132A146A5400F9A05C = {
			isa = PBXGroup;
			children = (
				5778E31E2A146A5400F9A05C /* Greeny-iOS */,
				5778E31D2A146A5400F9A05C /* Products */,
			);
			sourceTree = "<group>";
		};
		5778E31D2A146A5400F9A05C /* Products */ = {
			isa = PBXGroup;
			children = (
				5778E31C2A146A5400F9A05C /* Greeny-iOS.app */,
			);
			name = Products;
			sourceTree = "<group>";
		};
		5778E31E2A146A5400F9A05C /* Greeny-iOS */ = {
			isa = PBXGroup;
			children = (
				57A2462D2A1DA48700797239 /* Application */,
				57A246372A1DA4FD00797239 /* Components */,
				57A246342A1DA4D700797239 /* Extension */,
				57A2462C2A1DA48300797239 /* Scene */,
				5778E3232A146A5500F9A05C /* Assets.xcassets */,
				5778E3252A146A5500F9A05C /* Preview Content */,
			);
			path = "Greeny-iOS";
			sourceTree = "<group>";
		};
		5778E3252A146A5500F9A05C /* Preview Content */ = {
			isa = PBXGroup;
			children = (
				5778E3262A146A5500F9A05C /* Preview Assets.xcassets */,
			);
			path = "Preview Content";
			sourceTree = "<group>";
		};
		57A2462C2A1DA48300797239 /* Scene */ = {
			isa = PBXGroup;
			children = (
				57A2462E2A1DA49800797239 /* Login */,
			);
			path = Scene;
			sourceTree = "<group>";
		};
		57A2462D2A1DA48700797239 /* Application */ = {
			isa = PBXGroup;
			children = (
				5778E31F2A146A5400F9A05C /* Greeny_iOSApp.swift */,
			);
			path = Application;
			sourceTree = "<group>";
		};
		57A2462E2A1DA49800797239 /* Login */ = {
			isa = PBXGroup;
			children = (
				57A246302A1DA4B600797239 /* LoginView.swift */,
				57A246322A1DA4C300797239 /* LoginViewModel.swift */,
			);
			path = Login;
			sourceTree = "<group>";
		};
		57A246342A1DA4D700797239 /* Extension */ = {
			isa = PBXGroup;
			children = (
				57A246352A1DA4F500797239 /* Int+.swift */,
			);
			path = Extension;
			sourceTree = "<group>";
		};
		57A246372A1DA4FD00797239 /* Components */ = {
			isa = PBXGroup;
			children = (
				57A246422A1DB56500797239 /* Shadow */,
				57A2463D2A1DA67B00797239 /* NavigationLink */,
				57A2463C2A1DA66300797239 /* Auth */,
			);
			path = Components;
			sourceTree = "<group>";
		};
		57A2463C2A1DA66300797239 /* Auth */ = {
			isa = PBXGroup;
			children = (
				57A246382A1DA50F00797239 /* AuthButton.swift */,
				57A2463A2A1DA64D00797239 /* AuthTextField.swift */,
				57A246402A1DA6BB00797239 /* OTPView.swift */,
			);
			path = Auth;
			sourceTree = "<group>";
		};
		57A2463D2A1DA67B00797239 /* NavigationLink */ = {
			isa = PBXGroup;
			children = (
				57A2463E2A1DA68C00797239 /* GreenyNavigationLink.swift */,
			);
			path = NavigationLink;
			sourceTree = "<group>";
		};
		57A246422A1DB56500797239 /* Shadow */ = {
			isa = PBXGroup;
			children = (
				57A246432A1DB56E00797239 /* GreenyShadow.swift */,
			);
			path = Shadow;
			sourceTree = "<group>";
		};
/* End PBXGroup section */

/* Begin PBXNativeTarget section */
		5778E31B2A146A5400F9A05C /* Greeny-iOS */ = {
			isa = PBXNativeTarget;
			buildConfigurationList = 5778E32A2A146A5500F9A05C /* Build configuration list for PBXNativeTarget "Greeny-iOS" */;
			buildPhases = (
				5778E3182A146A5400F9A05C /* Sources */,
				5778E3192A146A5400F9A05C /* Frameworks */,
				5778E31A2A146A5400F9A05C /* Resources */,
			);
			buildRules = (
			);
			dependencies = (
			);
			name = "Greeny-iOS";
			packageProductDependencies = (
				57A246282A1DA46A00797239 /* CombineMoya */,
				57A2462A2A1DA46A00797239 /* Moya */,
			);
			productName = "Greeny-iOS";
			productReference = 5778E31C2A146A5400F9A05C /* Greeny-iOS.app */;
			productType = "com.apple.product-type.application";
		};
/* End PBXNativeTarget section */

/* Begin PBXProject section */
		5778E3142A146A5400F9A05C /* Project object */ = {
			isa = PBXProject;
			attributes = {
				BuildIndependentTargetsInParallel = 1;
				LastSwiftUpdateCheck = 1430;
				LastUpgradeCheck = 1430;
				TargetAttributes = {
					5778E31B2A146A5400F9A05C = {
						CreatedOnToolsVersion = 14.3;
					};
				};
			};
			buildConfigurationList = 5778E3172A146A5400F9A05C /* Build configuration list for PBXProject "Greeny-iOS" */;
			compatibilityVersion = "Xcode 14.0";
			developmentRegion = en;
			hasScannedForEncodings = 0;
			knownRegions = (
				en,
				Base,
			);
			mainGroup = 5778E3132A146A5400F9A05C;
			packageReferences = (
				57A246272A1DA46A00797239 /* XCRemoteSwiftPackageReference "Moya" */,
			);
			productRefGroup = 5778E31D2A146A5400F9A05C /* Products */;
			projectDirPath = "";
			projectRoot = "";
			targets = (
				5778E31B2A146A5400F9A05C /* Greeny-iOS */,
			);
		};
/* End PBXProject section */

/* Begin PBXResourcesBuildPhase section */
		5778E31A2A146A5400F9A05C /* Resources */ = {
			isa = PBXResourcesBuildPhase;
			buildActionMask = 2147483647;
			files = (
				5778E3272A146A5500F9A05C /* Preview Assets.xcassets in Resources */,
				5778E3242A146A5500F9A05C /* Assets.xcassets in Resources */,
			);
			runOnlyForDeploymentPostprocessing = 0;
		};
/* End PBXResourcesBuildPhase section */

/* Begin PBXSourcesBuildPhase section */
		5778E3182A146A5400F9A05C /* Sources */ = {
			isa = PBXSourcesBuildPhase;
			buildActionMask = 2147483647;
			files = (
				57A246442A1DB56E00797239 /* GreenyShadow.swift in Sources */,
				57A246392A1DA50F00797239 /* AuthButton.swift in Sources */,
				57A246332A1DA4C300797239 /* LoginViewModel.swift in Sources */,
				57A2463F2A1DA68C00797239 /* GreenyNavigationLink.swift in Sources */,
				57A246312A1DA4B600797239 /* LoginView.swift in Sources */,
				57A2463B2A1DA64D00797239 /* AuthTextField.swift in Sources */,
				5778E3202A146A5400F9A05C /* Greeny_iOSApp.swift in Sources */,
				57A246412A1DA6BB00797239 /* OTPView.swift in Sources */,
				57A246362A1DA4F500797239 /* Int+.swift in Sources */,
			);
			runOnlyForDeploymentPostprocessing = 0;
		};
/* End PBXSourcesBuildPhase section */

/* Begin XCBuildConfiguration section */
		5778E3282A146A5500F9A05C /* Debug */ = {
			isa = XCBuildConfiguration;
			buildSettings = {
				ALWAYS_SEARCH_USER_PATHS = NO;
				CLANG_ANALYZER_NONNULL = YES;
				CLANG_ANALYZER_NUMBER_OBJECT_CONVERSION = YES_AGGRESSIVE;
				CLANG_CXX_LANGUAGE_STANDARD = "gnu++20";
				CLANG_ENABLE_MODULES = YES;
				CLANG_ENABLE_OBJC_ARC = YES;
				CLANG_ENABLE_OBJC_WEAK = YES;
				CLANG_WARN_BLOCK_CAPTURE_AUTORELEASING = YES;
				CLANG_WARN_BOOL_CONVERSION = YES;
				CLANG_WARN_COMMA = YES;
				CLANG_WARN_CONSTANT_CONVERSION = YES;
				CLANG_WARN_DEPRECATED_OBJC_IMPLEMENTATIONS = YES;
				CLANG_WARN_DIRECT_OBJC_ISA_USAGE = YES_ERROR;
				CLANG_WARN_DOCUMENTATION_COMMENTS = YES;
				CLANG_WARN_EMPTY_BODY = YES;
				CLANG_WARN_ENUM_CONVERSION = YES;
				CLANG_WARN_INFINITE_RECURSION = YES;
				CLANG_WARN_INT_CONVERSION = YES;
				CLANG_WARN_NON_LITERAL_NULL_CONVERSION = YES;
				CLANG_WARN_OBJC_IMPLICIT_RETAIN_SELF = YES;
				CLANG_WARN_OBJC_LITERAL_CONVERSION = YES;
				CLANG_WARN_OBJC_ROOT_CLASS = YES_ERROR;
				CLANG_WARN_QUOTED_INCLUDE_IN_FRAMEWORK_HEADER = YES;
				CLANG_WARN_RANGE_LOOP_ANALYSIS = YES;
				CLANG_WARN_STRICT_PROTOTYPES = YES;
				CLANG_WARN_SUSPICIOUS_MOVE = YES;
				CLANG_WARN_UNGUARDED_AVAILABILITY = YES_AGGRESSIVE;
				CLANG_WARN_UNREACHABLE_CODE = YES;
				CLANG_WARN__DUPLICATE_METHOD_MATCH = YES;
				COPY_PHASE_STRIP = NO;
				DEBUG_INFORMATION_FORMAT = dwarf;
				ENABLE_STRICT_OBJC_MSGSEND = YES;
				ENABLE_TESTABILITY = YES;
				GCC_C_LANGUAGE_STANDARD = gnu11;
				GCC_DYNAMIC_NO_PIC = NO;
				GCC_NO_COMMON_BLOCKS = YES;
				GCC_OPTIMIZATION_LEVEL = 0;
				GCC_PREPROCESSOR_DEFINITIONS = (
					"DEBUG=1",
					"$(inherited)",
				);
				GCC_WARN_64_TO_32_BIT_CONVERSION = YES;
				GCC_WARN_ABOUT_RETURN_TYPE = YES_ERROR;
				GCC_WARN_UNDECLARED_SELECTOR = YES;
				GCC_WARN_UNINITIALIZED_AUTOS = YES_AGGRESSIVE;
				GCC_WARN_UNUSED_FUNCTION = YES;
				GCC_WARN_UNUSED_VARIABLE = YES;
				IPHONEOS_DEPLOYMENT_TARGET = 16.4;
				MTL_ENABLE_DEBUG_INFO = INCLUDE_SOURCE;
				MTL_FAST_MATH = YES;
				ONLY_ACTIVE_ARCH = YES;
				SDKROOT = iphoneos;
				SWIFT_ACTIVE_COMPILATION_CONDITIONS = DEBUG;
				SWIFT_OPTIMIZATION_LEVEL = "-Onone";
			};
			name = Debug;
		};
		5778E3292A146A5500F9A05C /* Release */ = {
			isa = XCBuildConfiguration;
			buildSettings = {
				ALWAYS_SEARCH_USER_PATHS = NO;
				CLANG_ANALYZER_NONNULL = YES;
				CLANG_ANALYZER_NUMBER_OBJECT_CONVERSION = YES_AGGRESSIVE;
				CLANG_CXX_LANGUAGE_STANDARD = "gnu++20";
				CLANG_ENABLE_MODULES = YES;
				CLANG_ENABLE_OBJC_ARC = YES;
				CLANG_ENABLE_OBJC_WEAK = YES;
				CLANG_WARN_BLOCK_CAPTURE_AUTORELEASING = YES;
				CLANG_WARN_BOOL_CONVERSION = YES;
				CLANG_WARN_COMMA = YES;
				CLANG_WARN_CONSTANT_CONVERSION = YES;
				CLANG_WARN_DEPRECATED_OBJC_IMPLEMENTATIONS = YES;
				CLANG_WARN_DIRECT_OBJC_ISA_USAGE = YES_ERROR;
				CLANG_WARN_DOCUMENTATION_COMMENTS = YES;
				CLANG_WARN_EMPTY_BODY = YES;
				CLANG_WARN_ENUM_CONVERSION = YES;
				CLANG_WARN_INFINITE_RECURSION = YES;
				CLANG_WARN_INT_CONVERSION = YES;
				CLANG_WARN_NON_LITERAL_NULL_CONVERSION = YES;
				CLANG_WARN_OBJC_IMPLICIT_RETAIN_SELF = YES;
				CLANG_WARN_OBJC_LITERAL_CONVERSION = YES;
				CLANG_WARN_OBJC_ROOT_CLASS = YES_ERROR;
				CLANG_WARN_QUOTED_INCLUDE_IN_FRAMEWORK_HEADER = YES;
				CLANG_WARN_RANGE_LOOP_ANALYSIS = YES;
				CLANG_WARN_STRICT_PROTOTYPES = YES;
				CLANG_WARN_SUSPICIOUS_MOVE = YES;
				CLANG_WARN_UNGUARDED_AVAILABILITY = YES_AGGRESSIVE;
				CLANG_WARN_UNREACHABLE_CODE = YES;
				CLANG_WARN__DUPLICATE_METHOD_MATCH = YES;
				COPY_PHASE_STRIP = NO;
				DEBUG_INFORMATION_FORMAT = "dwarf-with-dsym";
				ENABLE_NS_ASSERTIONS = NO;
				ENABLE_STRICT_OBJC_MSGSEND = YES;
				GCC_C_LANGUAGE_STANDARD = gnu11;
				GCC_NO_COMMON_BLOCKS = YES;
				GCC_WARN_64_TO_32_BIT_CONVERSION = YES;
				GCC_WARN_ABOUT_RETURN_TYPE = YES_ERROR;
				GCC_WARN_UNDECLARED_SELECTOR = YES;
				GCC_WARN_UNINITIALIZED_AUTOS = YES_AGGRESSIVE;
				GCC_WARN_UNUSED_FUNCTION = YES;
				GCC_WARN_UNUSED_VARIABLE = YES;
				IPHONEOS_DEPLOYMENT_TARGET = 16.4;
				MTL_ENABLE_DEBUG_INFO = NO;
				MTL_FAST_MATH = YES;
				SDKROOT = iphoneos;
				SWIFT_COMPILATION_MODE = wholemodule;
				SWIFT_OPTIMIZATION_LEVEL = "-O";
				VALIDATE_PRODUCT = YES;
			};
			name = Release;
		};
		5778E32B2A146A5500F9A05C /* Debug */ = {
			isa = XCBuildConfiguration;
			buildSettings = {
				ASSETCATALOG_COMPILER_APPICON_NAME = AppIcon;
				ASSETCATALOG_COMPILER_GLOBAL_ACCENT_COLOR_NAME = AccentColor;
				CODE_SIGN_STYLE = Automatic;
				CURRENT_PROJECT_VERSION = 1;
				DEVELOPMENT_ASSET_PATHS = "\"Greeny-iOS/Preview Content\"";
				ENABLE_PREVIEWS = YES;
				GENERATE_INFOPLIST_FILE = YES;
				INFOPLIST_KEY_UIApplicationSceneManifest_Generation = YES;
				INFOPLIST_KEY_UIApplicationSupportsIndirectInputEvents = YES;
				INFOPLIST_KEY_UILaunchScreen_Generation = YES;
				INFOPLIST_KEY_UISupportedInterfaceOrientations_iPad = "UIInterfaceOrientationPortrait UIInterfaceOrientationPortraitUpsideDown UIInterfaceOrientationLandscapeLeft UIInterfaceOrientationLandscapeRight";
				INFOPLIST_KEY_UISupportedInterfaceOrientations_iPhone = "UIInterfaceOrientationPortrait UIInterfaceOrientationLandscapeLeft UIInterfaceOrientationLandscapeRight";
				LD_RUNPATH_SEARCH_PATHS = (
					"$(inherited)",
					"@executable_path/Frameworks",
				);
				MARKETING_VERSION = 1.0;
				PRODUCT_BUNDLE_IDENTIFIER = "com.daehee.Greeny-iOS";
				PRODUCT_NAME = "$(TARGET_NAME)";
				SWIFT_EMIT_LOC_STRINGS = YES;
				SWIFT_VERSION = 5.0;
				TARGETED_DEVICE_FAMILY = "1,2";
			};
			name = Debug;
		};
		5778E32C2A146A5500F9A05C /* Release */ = {
			isa = XCBuildConfiguration;
			buildSettings = {
				ASSETCATALOG_COMPILER_APPICON_NAME = AppIcon;
				ASSETCATALOG_COMPILER_GLOBAL_ACCENT_COLOR_NAME = AccentColor;
				CODE_SIGN_STYLE = Automatic;
				CURRENT_PROJECT_VERSION = 1;
				DEVELOPMENT_ASSET_PATHS = "\"Greeny-iOS/Preview Content\"";
				ENABLE_PREVIEWS = YES;
				GENERATE_INFOPLIST_FILE = YES;
				INFOPLIST_KEY_UIApplicationSceneManifest_Generation = YES;
				INFOPLIST_KEY_UIApplicationSupportsIndirectInputEvents = YES;
				INFOPLIST_KEY_UILaunchScreen_Generation = YES;
				INFOPLIST_KEY_UISupportedInterfaceOrientations_iPad = "UIInterfaceOrientationPortrait UIInterfaceOrientationPortraitUpsideDown UIInterfaceOrientationLandscapeLeft UIInterfaceOrientationLandscapeRight";
				INFOPLIST_KEY_UISupportedInterfaceOrientations_iPhone = "UIInterfaceOrientationPortrait UIInterfaceOrientationLandscapeLeft UIInterfaceOrientationLandscapeRight";
				LD_RUNPATH_SEARCH_PATHS = (
					"$(inherited)",
					"@executable_path/Frameworks",
				);
				MARKETING_VERSION = 1.0;
				PRODUCT_BUNDLE_IDENTIFIER = "com.daehee.Greeny-iOS";
				PRODUCT_NAME = "$(TARGET_NAME)";
				SWIFT_EMIT_LOC_STRINGS = YES;
				SWIFT_VERSION = 5.0;
				TARGETED_DEVICE_FAMILY = "1,2";
			};
			name = Release;
		};
/* End XCBuildConfiguration section */

/* Begin XCConfigurationList section */
		5778E3172A146A5400F9A05C /* Build configuration list for PBXProject "Greeny-iOS" */ = {
			isa = XCConfigurationList;
			buildConfigurations = (
				5778E3282A146A5500F9A05C /* Debug */,
				5778E3292A146A5500F9A05C /* Release */,
			);
			defaultConfigurationIsVisible = 0;
			defaultConfigurationName = Release;
		};
		5778E32A2A146A5500F9A05C /* Build configuration list for PBXNativeTarget "Greeny-iOS" */ = {
			isa = XCConfigurationList;
			buildConfigurations = (
				5778E32B2A146A5500F9A05C /* Debug */,
				5778E32C2A146A5500F9A05C /* Release */,
			);
			defaultConfigurationIsVisible = 0;
			defaultConfigurationName = Release;
		};
/* End XCConfigurationList section */

/* Begin XCRemoteSwiftPackageReference section */
		57A246272A1DA46A00797239 /* XCRemoteSwiftPackageReference "Moya" */ = {
			isa = XCRemoteSwiftPackageReference;
			repositoryURL = "https://github.com/Moya/Moya.git";
			requirement = {
				kind = upToNextMajorVersion;
				minimumVersion = 15.0.0;
			};
		};
/* End XCRemoteSwiftPackageReference section */

/* Begin XCSwiftPackageProductDependency section */
		57A246282A1DA46A00797239 /* CombineMoya */ = {
			isa = XCSwiftPackageProductDependency;
			package = 57A246272A1DA46A00797239 /* XCRemoteSwiftPackageReference "Moya" */;
			productName = CombineMoya;
		};
		57A2462A2A1DA46A00797239 /* Moya */ = {
			isa = XCSwiftPackageProductDependency;
			package = 57A246272A1DA46A00797239 /* XCRemoteSwiftPackageReference "Moya" */;
			productName = Moya;
		};
/* End XCSwiftPackageProductDependency section */
	};
	rootObject = 5778E3142A146A5400F9A05C /* Project object */;
}
